// !$*UTF8*$!
{
	archiveVersion = 1;
	classes = {
	};
	objectVersion = 50;
	objects = {

/* Begin PBXBuildFile section */
		645426F5245A9402009A8F2A /* DatabaseController.swift in Sources */ = {isa = PBXBuildFile; fileRef = 645426F4245A9402009A8F2A /* DatabaseController.swift */; };
		64A062F42455F0CE00A99F06 /* AppDelegate.swift in Sources */ = {isa = PBXBuildFile; fileRef = 64A062F32455F0CE00A99F06 /* AppDelegate.swift */; };
		64A062F62455F0CE00A99F06 /* SceneDelegate.swift in Sources */ = {isa = PBXBuildFile; fileRef = 64A062F52455F0CE00A99F06 /* SceneDelegate.swift */; };
		64A062FE2455F0CE00A99F06 /* AppointmentsApp.xcdatamodeld in Sources */ = {isa = PBXBuildFile; fileRef = 64A062FC2455F0CE00A99F06 /* AppointmentsApp.xcdatamodeld */; };
		64A063002455F0D500A99F06 /* Assets.xcassets in Resources */ = {isa = PBXBuildFile; fileRef = 64A062FF2455F0D500A99F06 /* Assets.xcassets */; };
		64A063032455F0D500A99F06 /* LaunchScreen.storyboard in Resources */ = {isa = PBXBuildFile; fileRef = 64A063012455F0D500A99F06 /* LaunchScreen.storyboard */; };
		64A0630B2456287700A99F06 /* AppointmentsListVC.swift in Sources */ = {isa = PBXBuildFile; fileRef = 64A0630A2456287700A99F06 /* AppointmentsListVC.swift */; };
		64A0630D24562B2E00A99F06 /* UIViewExt.swift in Sources */ = {isa = PBXBuildFile; fileRef = 64A0630C24562B2E00A99F06 /* UIViewExt.swift */; };
		64A0630F2456304A00A99F06 /* AppointmentCell.swift in Sources */ = {isa = PBXBuildFile; fileRef = 64A0630E2456304A00A99F06 /* AppointmentCell.swift */; };
		64A063112456827300A99F06 /* CellStruct.swift in Sources */ = {isa = PBXBuildFile; fileRef = 64A063102456827300A99F06 /* CellStruct.swift */; };
		64A0631324569AEE00A99F06 /* AddAppointmentVC.swift in Sources */ = {isa = PBXBuildFile; fileRef = 64A0631224569AEE00A99F06 /* AddAppointmentVC.swift */; };
/* End PBXBuildFile section */

/* Begin PBXFileReference section */
		645426F4245A9402009A8F2A /* DatabaseController.swift */ = {isa = PBXFileReference; lastKnownFileType = sourcecode.swift; path = DatabaseController.swift; sourceTree = "<group>"; };
		64A062F02455F0CE00A99F06 /* AppointmentsApp.app */ = {isa = PBXFileReference; explicitFileType = wrapper.application; includeInIndex = 0; path = AppointmentsApp.app; sourceTree = BUILT_PRODUCTS_DIR; };
		64A062F32455F0CE00A99F06 /* AppDelegate.swift */ = {isa = PBXFileReference; lastKnownFileType = sourcecode.swift; path = AppDelegate.swift; sourceTree = "<group>"; };
		64A062F52455F0CE00A99F06 /* SceneDelegate.swift */ = {isa = PBXFileReference; lastKnownFileType = sourcecode.swift; path = SceneDelegate.swift; sourceTree = "<group>"; };
		64A062FD2455F0CE00A99F06 /* AppointmentsApp.xcdatamodel */ = {isa = PBXFileReference; lastKnownFileType = wrapper.xcdatamodel; path = AppointmentsApp.xcdatamodel; sourceTree = "<group>"; };
		64A062FF2455F0D500A99F06 /* Assets.xcassets */ = {isa = PBXFileReference; lastKnownFileType = folder.assetcatalog; path = Assets.xcassets; sourceTree = "<group>"; };
		64A063022455F0D500A99F06 /* Base */ = {isa = PBXFileReference; lastKnownFileType = file.storyboard; name = Base; path = Base.lproj/LaunchScreen.storyboard; sourceTree = "<group>"; };
		64A063042455F0D500A99F06 /* Info.plist */ = {isa = PBXFileReference; lastKnownFileType = text.plist.xml; path = Info.plist; sourceTree = "<group>"; };
		64A0630A2456287700A99F06 /* AppointmentsListVC.swift */ = {isa = PBXFileReference; lastKnownFileType = sourcecode.swift; path = AppointmentsListVC.swift; sourceTree = "<group>"; };
		64A0630C24562B2E00A99F06 /* UIViewExt.swift */ = {isa = PBXFileReference; lastKnownFileType = sourcecode.swift; path = UIViewExt.swift; sourceTree = "<group>"; };
		64A0630E2456304A00A99F06 /* AppointmentCell.swift */ = {isa = PBXFileReference; lastKnownFileType = sourcecode.swift; path = AppointmentCell.swift; sourceTree = "<group>"; };
		64A063102456827300A99F06 /* CellStruct.swift */ = {isa = PBXFileReference; lastKnownFileType = sourcecode.swift; path = CellStruct.swift; sourceTree = "<group>"; };
		64A0631224569AEE00A99F06 /* AddAppointmentVC.swift */ = {isa = PBXFileReference; lastKnownFileType = sourcecode.swift; path = AddAppointmentVC.swift; sourceTree = "<group>"; };
/* End PBXFileReference section */

/* Begin PBXFrameworksBuildPhase section */
		64A062ED2455F0CE00A99F06 /* Frameworks */ = {
			isa = PBXFrameworksBuildPhase;
			buildActionMask = 2147483647;
			files = (
			);
			runOnlyForDeploymentPostprocessing = 0;
		};
/* End PBXFrameworksBuildPhase section */

/* Begin PBXGroup section */
		64A062E72455F0CE00A99F06 = {
			isa = PBXGroup;
			children = (
				64A062F22455F0CE00A99F06 /* AppointmentsApp */,
				64A062F12455F0CE00A99F06 /* Products */,
			);
			sourceTree = "<group>";
		};
		64A062F12455F0CE00A99F06 /* Products */ = {
			isa = PBXGroup;
			children = (
				64A062F02455F0CE00A99F06 /* AppointmentsApp.app */,
			);
			name = Products;
			sourceTree = "<group>";
		};
		64A062F22455F0CE00A99F06 /* AppointmentsApp */ = {
			isa = PBXGroup;
			children = (
				64A062F32455F0CE00A99F06 /* AppDelegate.swift */,
				64A062F52455F0CE00A99F06 /* SceneDelegate.swift */,
				64A062FF2455F0D500A99F06 /* Assets.xcassets */,
				64A063012455F0D500A99F06 /* LaunchScreen.storyboard */,
				64A063042455F0D500A99F06 /* Info.plist */,
				64A062FC2455F0CE00A99F06 /* AppointmentsApp.xcdatamodeld */,
				64A0630A2456287700A99F06 /* AppointmentsListVC.swift */,
				64A0631224569AEE00A99F06 /* AddAppointmentVC.swift */,
				64A0630C24562B2E00A99F06 /* UIViewExt.swift */,
				64A0630E2456304A00A99F06 /* AppointmentCell.swift */,
				64A063102456827300A99F06 /* CellStruct.swift */,
				645426F4245A9402009A8F2A /* DatabaseController.swift */,
			);
			path = AppointmentsApp;
			sourceTree = "<group>";
		};
/* End PBXGroup section */

/* Begin PBXNativeTarget section */
		64A062EF2455F0CE00A99F06 /* AppointmentsApp */ = {
			isa = PBXNativeTarget;
			buildConfigurationList = 64A063072455F0D500A99F06 /* Build configuration list for PBXNativeTarget "AppointmentsApp" */;
			buildPhases = (
				64A062EC2455F0CE00A99F06 /* Sources */,
				64A062ED2455F0CE00A99F06 /* Frameworks */,
				64A062EE2455F0CE00A99F06 /* Resources */,
			);
			buildRules = (
			);
			dependencies = (
			);
			name = AppointmentsApp;
			productName = AppointmentsApp;
			productReference = 64A062F02455F0CE00A99F06 /* AppointmentsApp.app */;
			productType = "com.apple.product-type.application";
		};
/* End PBXNativeTarget section */

/* Begin PBXProject section */
		64A062E82455F0CE00A99F06 /* Project object */ = {
			isa = PBXProject;
			attributes = {
				LastSwiftUpdateCheck = 1140;
				LastUpgradeCheck = 1140;
				ORGANIZATIONNAME = "Elias Hall";
				TargetAttributes = {
					64A062EF2455F0CE00A99F06 = {
						CreatedOnToolsVersion = 11.4.1;
					};
				};
			};
			buildConfigurationList = 64A062EB2455F0CE00A99F06 /* Build configuration list for PBXProject "AppointmentsApp" */;
			compatibilityVersion = "Xcode 9.3";
			developmentRegion = en;
			hasScannedForEncodings = 0;
			knownRegions = (
				en,
				Base,
			);
			mainGroup = 64A062E72455F0CE00A99F06;
			productRefGroup = 64A062F12455F0CE00A99F06 /* Products */;
			projectDirPath = "";
			projectRoot = "";
			targets = (
				64A062EF2455F0CE00A99F06 /* AppointmentsApp */,
			);
		};
/* End PBXProject section */

/* Begin PBXResourcesBuildPhase section */
		64A062EE2455F0CE00A99F06 /* Resources */ = {
			isa = PBXResourcesBuildPhase;
			buildActionMask = 2147483647;
			files = (
				64A063032455F0D500A99F06 /* LaunchScreen.storyboard in Resources */,
				64A063002455F0D500A99F06 /* Assets.xcassets in Resources */,
			);
			runOnlyForDeploymentPostprocessing = 0;
		};
/* End PBXResourcesBuildPhase section */

/* Begin PBXSourcesBuildPhase section */
		64A062EC2455F0CE00A99F06 /* Sources */ = {
			isa = PBXSourcesBuildPhase;
			buildActionMask = 2147483647;
			files = (
				64A0630F2456304A00A99F06 /* AppointmentCell.swift in Sources */,
				64A0630D24562B2E00A99F06 /* UIViewExt.swift in Sources */,
				64A0631324569AEE00A99F06 /* AddAppointmentVC.swift in Sources */,
				64A0630B2456287700A99F06 /* AppointmentsListVC.swift in Sources */,
				64A062F42455F0CE00A99F06 /* AppDelegate.swift in Sources */,
				645426F5245A9402009A8F2A /* DatabaseController.swift in Sources */,
				64A063112456827300A99F06 /* CellStruct.swift in Sources */,
				64A062F62455F0CE00A99F06 /* SceneDelegate.swift in Sources */,
				64A062FE2455F0CE00A99F06 /* AppointmentsApp.xcdatamodeld in Sources */,
			);
			runOnlyForDeploymentPostprocessing = 0;
		};
/* End PBXSourcesBuildPhase section */

/* Begin PBXVariantGroup section */
		64A063012455F0D500A99F06 /* LaunchScreen.storyboard */ = {
			isa = PBXVariantGroup;
			children = (
				64A063022455F0D500A99F06 /* Base */,
			);
			name = LaunchScreen.storyboard;
			sourceTree = "<group>";
		};
/* End PBXVariantGroup section */

/* Begin XCBuildConfiguration section */
		64A063052455F0D500A99F06 /* Debug */ = {
			isa = XCBuildConfiguration;
			buildSettings = {
				ALWAYS_SEARCH_USER_PATHS = NO;
				CLANG_ANALYZER_NONNULL = YES;
				CLANG_ANALYZER_NUMBER_OBJECT_CONVERSION = YES_AGGRESSIVE;
				CLANG_CXX_LANGUAGE_STANDARD = "gnu++14";
				CLANG_CXX_LIBRARY = "libc++";
				CLANG_ENABLE_MODULES = YES;
				CLANG_ENABLE_OBJC_ARC = YES;
				CLANG_ENABLE_OBJC_WEAK = YES;
				CLANG_WARN_BLOCK_CAPTURE_AUTORELEASING = YES;
				CLANG_WARN_BOOL_CONVERSION = YES;
				CLANG_WARN_COMMA = YES;
				CLANG_WARN_CONSTANT_CONVERSION = YES;
				CLANG_WARN_DEPRECATED_OBJC_IMPLEMENTATIONS = YES;
				CLANG_WARN_DIRECT_OBJC_ISA_USAGE = YES_ERROR;
				CLANG_WARN_DOCUMENTATION_COMMENTS = YES;
				CLANG_WARN_EMPTY_BODY = YES;
				CLANG_WARN_ENUM_CONVERSION = YES;
				CLANG_WARN_INFINITE_RECURSION = YES;
				CLANG_WARN_INT_CONVERSION = YES;
				CLANG_WARN_NON_LITERAL_NULL_CONVERSION = YES;
				CLANG_WARN_OBJC_IMPLICIT_RETAIN_SELF = YES;
				CLANG_WARN_OBJC_LITERAL_CONVERSION = YES;
				CLANG_WARN_OBJC_ROOT_CLASS = YES_ERROR;
				CLANG_WARN_RANGE_LOOP_ANALYSIS = YES;
				CLANG_WARN_STRICT_PROTOTYPES = YES;
				CLANG_WARN_SUSPICIOUS_MOVE = YES;
				CLANG_WARN_UNGUARDED_AVAILABILITY = YES_AGGRESSIVE;
				CLANG_WARN_UNREACHABLE_CODE = YES;
				CLANG_WARN__DUPLICATE_METHOD_MATCH = YES;
				COPY_PHASE_STRIP = NO;
				DEBUG_INFORMATION_FORMAT = dwarf;
				ENABLE_STRICT_OBJC_MSGSEND = YES;
				ENABLE_TESTABILITY = YES;
				GCC_C_LANGUAGE_STANDARD = gnu11;
				GCC_DYNAMIC_NO_PIC = NO;
				GCC_NO_COMMON_BLOCKS = YES;
				GCC_OPTIMIZATION_LEVEL = 0;
				GCC_PREPROCESSOR_DEFINITIONS = (
					"DEBUG=1",
					"$(inherited)",
				);
				GCC_WARN_64_TO_32_BIT_CONVERSION = YES;
				GCC_WARN_ABOUT_RETURN_TYPE = YES_ERROR;
				GCC_WARN_UNDECLARED_SELECTOR = YES;
				GCC_WARN_UNINITIALIZED_AUTOS = YES_AGGRESSIVE;
				GCC_WARN_UNUSED_FUNCTION = YES;
				GCC_WARN_UNUSED_VARIABLE = YES;
				IPHONEOS_DEPLOYMENT_TARGET = 13.4;
				MTL_ENABLE_DEBUG_INFO = INCLUDE_SOURCE;
				MTL_FAST_MATH = YES;
				ONLY_ACTIVE_ARCH = YES;
				SDKROOT = iphoneos;
				SWIFT_ACTIVE_COMPILATION_CONDITIONS = DEBUG;
				SWIFT_OPTIMIZATION_LEVEL = "-Onone";
			};
			name = Debug;
		};
		64A063062455F0D500A99F06 /* Release */ = {
			isa = XCBuildConfiguration;
			buildSettings = {
				ALWAYS_SEARCH_USER_PATHS = NO;
				CLANG_ANALYZER_NONNULL = YES;
				CLANG_ANALYZER_NUMBER_OBJECT_CONVERSION = YES_AGGRESSIVE;
				CLANG_CXX_LANGUAGE_STANDARD = "gnu++14";
				CLANG_CXX_LIBRARY = "libc++";
				CLANG_ENABLE_MODULES = YES;
				CLANG_ENABLE_OBJC_ARC = YES;
				CLANG_ENABLE_OBJC_WEAK = YES;
				CLANG_WARN_BLOCK_CAPTURE_AUTORELEASING = YES;
				CLANG_WARN_BOOL_CONVERSION = YES;
				CLANG_WARN_COMMA = YES;
				CLANG_WARN_CONSTANT_CONVERSION = YES;
				CLANG_WARN_DEPRECATED_OBJC_IMPLEMENTATIONS = YES;
				CLANG_WARN_DIRECT_OBJC_ISA_USAGE = YES_ERROR;
				CLANG_WARN_DOCUMENTATION_COMMENTS = YES;
				CLANG_WARN_EMPTY_BODY = YES;
				CLANG_WARN_ENUM_CONVERSION = YES;
				CLANG_WARN_INFINITE_RECURSION = YES;
				CLANG_WARN_INT_CONVERSION = YES;
				CLANG_WARN_NON_LITERAL_NULL_CONVERSION = YES;
				CLANG_WARN_OBJC_IMPLICIT_RETAIN_SELF = YES;
				CLANG_WARN_OBJC_LITERAL_CONVERSION = YES;
				CLANG_WARN_OBJC_ROOT_CLASS = YES_ERROR;
				CLANG_WARN_RANGE_LOOP_ANALYSIS = YES;
				CLANG_WARN_STRICT_PROTOTYPES = YES;
				CLANG_WARN_SUSPICIOUS_MOVE = YES;
				CLANG_WARN_UNGUARDED_AVAILABILITY = YES_AGGRESSIVE;
				CLANG_WARN_UNREACHABLE_CODE = YES;
				CLANG_WARN__DUPLICATE_METHOD_MATCH = YES;
				COPY_PHASE_STRIP = NO;
				DEBUG_INFORMATION_FORMAT = "dwarf-with-dsym";
				ENABLE_NS_ASSERTIONS = NO;
				ENABLE_STRICT_OBJC_MSGSEND = YES;
				GCC_C_LANGUAGE_STANDARD = gnu11;
				GCC_NO_COMMON_BLOCKS = YES;
				GCC_WARN_64_TO_32_BIT_CONVERSION = YES;
				GCC_WARN_ABOUT_RETURN_TYPE = YES_ERROR;
				GCC_WARN_UNDECLARED_SELECTOR = YES;
				GCC_WARN_UNINITIALIZED_AUTOS = YES_AGGRESSIVE;
				GCC_WARN_UNUSED_FUNCTION = YES;
				GCC_WARN_UNUSED_VARIABLE = YES;
				IPHONEOS_DEPLOYMENT_TARGET = 13.4;
				MTL_ENABLE_DEBUG_INFO = NO;
				MTL_FAST_MATH = YES;
				SDKROOT = iphoneos;
				SWIFT_COMPILATION_MODE = wholemodule;
				SWIFT_OPTIMIZATION_LEVEL = "-O";
				VALIDATE_PRODUCT = YES;
			};
			name = Release;
		};
		64A063082455F0D500A99F06 /* Debug */ = {
			isa = XCBuildConfiguration;
			buildSettings = {
				ASSETCATALOG_COMPILER_APPICON_NAME = AppIcon;
				CODE_SIGN_STYLE = Automatic;
				DEVELOPMENT_TEAM = KFS7JDA8K2;
				INFOPLIST_FILE = AppointmentsApp/Info.plist;
				LD_RUNPATH_SEARCH_PATHS = (
					"$(inherited)",
					"@executable_path/Frameworks",
				);
				PRODUCT_BUNDLE_IDENTIFIER = com.eliashall.AppointmentsApp;
				PRODUCT_NAME = "$(TARGET_NAME)";
				SWIFT_VERSION = 5.0;
				TARGETED_DEVICE_FAMILY = "1,2";
			};
			name = Debug;
		};
		64A063092455F0D500A99F06 /* Release */ = {
			isa = XCBuildConfiguration;
			buildSettings = {
				ASSETCATALOG_COMPILER_APPICON_NAME = AppIcon;
				CODE_SIGN_STYLE = Automatic;
				DEVELOPMENT_TEAM = KFS7JDA8K2;
				INFOPLIST_FILE = AppointmentsApp/Info.plist;
				LD_RUNPATH_SEARCH_PATHS = (
					"$(inherited)",
					"@executable_path/Frameworks",
				);
				PRODUCT_BUNDLE_IDENTIFIER = com.eliashall.AppointmentsApp;
				PRODUCT_NAME = "$(TARGET_NAME)";
				SWIFT_VERSION = 5.0;
				TARGETED_DEVICE_FAMILY = "1,2";
			};
			name = Release;
		};
/* End XCBuildConfiguration section */

/* Begin XCConfigurationList section */
		64A062EB2455F0CE00A99F06 /* Build configuration list for PBXProject "AppointmentsApp" */ = {
			isa = XCConfigurationList;
			buildConfigurations = (
				64A063052455F0D500A99F06 /* Debug */,
				64A063062455F0D500A99F06 /* Release */,
			);
			defaultConfigurationIsVisible = 0;
			defaultConfigurationName = Release;
		};
		64A063072455F0D500A99F06 /* Build configuration list for PBXNativeTarget "AppointmentsApp" */ = {
			isa = XCConfigurationList;
			buildConfigurations = (
				64A063082455F0D500A99F06 /* Debug */,
				64A063092455F0D500A99F06 /* Release */,
			);
			defaultConfigurationIsVisible = 0;
			defaultConfigurationName = Release;
		};
/* End XCConfigurationList section */

/* Begin XCVersionGroup section */
		64A062FC2455F0CE00A99F06 /* AppointmentsApp.xcdatamodeld */ = {
			isa = XCVersionGroup;
			children = (
				64A062FD2455F0CE00A99F06 /* AppointmentsApp.xcdatamodel */,
			);
			currentVersion = 64A062FD2455F0CE00A99F06 /* AppointmentsApp.xcdatamodel */;
			path = AppointmentsApp.xcdatamodeld;
			sourceTree = "<group>";
			versionGroupType = wrapper.xcdatamodel;
		};
/* End XCVersionGroup section */
	};
	rootObject = 64A062E82455F0CE00A99F06 /* Project object */;
}
